Microsoft Visual Studio Solution File, Format Version 12.00
Project("{2150E333-8FDC-42A3-9474-1A3956D46DE8}") = "ExTrack", "ExTrack", "{3DEF85A6-8F8C-48BF-8D99-9445F067EBE8}"
EndProject
Project("{FAE04EC0-301F-11D3-BF4B-00C04F79EFBC}") = "ExTrack.Api", "ExTrack\ExTrack.Api\ExTrack.Api.csproj", "{1626EF4A-EF56-45A9-A874-7DA8C9A36144}"
EndProject
Project("{FAE04EC0-301F-11D3-BF4B-00C04F79EFBC}") = "ExTrack.Service", "ExTrack\ExTrack.Service\ExTrack.Service.csproj", "{4AC6347B-32BE-4413-8368-9D95160E2433}"
EndProject
Project("{2150E333-8FDC-42A3-9474-1A3956D46DE8}") = "ProverkaCheka", "ProverkaCheka", "{27DDF95F-C658-4C9A-8ED3-B51B3C8685DC}"
	ProjectSection(SolutionItems) = preProject
		ProverkaCheka\ReadMe.md = ProverkaCheka\ReadMe.md
	EndProjectSection
EndProject
Project("{FAE04EC0-301F-11D3-BF4B-00C04F79EFBC}") = "ProverkaCheka.Client", "ProverkaCheka\ProverkaCheka.Client\ProverkaCheka.Client.csproj", "{7B4E4406-1D25-4906-BB17-0AF9F20E666D}"
EndProject
Project("{FAE04EC0-301F-11D3-BF4B-00C04F79EFBC}") = "ProverkaCheka.Dto", "ProverkaCheka\ProverkaCheka.Dto\ProverkaCheka.Dto.csproj", "{2ED04080-9E26-4070-ABE3-72A8844F3A0C}"
EndProject
Project("{FAE04EC0-301F-11D3-BF4B-00C04F79EFBC}") = "ProverkaCheka.Tests", "ProverkaCheka\ProverkaCheka.Tests\ProverkaCheka.Tests.csproj", "{0C8A7791-61DC-431C-AF58-BA6D75BCDA7E}"
EndProject
Project("{2150E333-8FDC-42A3-9474-1A3956D46DE8}") = "Infrastructure", "Infrastructure", "{7CC608CD-D267-4B4B-BF3C-7A588F88BDE8}"
EndProject
Project("{FAE04EC0-301F-11D3-BF4B-00C04F79EFBC}") = "Infrastructure.Utils", "Infrastructure\Infrastructure.Utils\Infrastructure.Utils.csproj", "{AA44DFF4-9623-4AC7-AB5C-EF4C43CC8BFB}"
EndProject
Project("{FAE04EC0-301F-11D3-BF4B-00C04F79EFBC}") = "ExTrack.Users", "ExTrack\ExTrack.Users\ExTrack.Users.csproj", "{20D44AFD-A905-4C9F-9106-E5531EB23A4E}"
EndProject
Project("{FAE04EC0-301F-11D3-BF4B-00C04F79EFBC}") = "ExTrack.Api.Dto", "ExTrack\ExTrack.Api.Dto\ExTrack.Api.Dto.csproj", "{11C38413-A080-4640-B93D-A1D1CE8B902C}"
EndProject
Project("{FAE04EC0-301F-11D3-BF4B-00C04F79EFBC}") = "Infrastructure.DataTypes", "Infrastructure\Infrastructure.DataTypes\Infrastructure.DataTypes.csproj", "{C5B7FC32-7870-482A-81F4-C2D2BD96082B}"
EndProject
Global
	GlobalSection(SolutionConfigurationPlatforms) = preSolution
		Debug|Any CPU = Debug|Any CPU
		Release|Any CPU = Release|Any CPU
	EndGlobalSection
	GlobalSection(ProjectConfigurationPlatforms) = postSolution
		{1626EF4A-EF56-45A9-A874-7DA8C9A36144}.Debug|Any CPU.ActiveCfg = Debug|Any CPU
		{1626EF4A-EF56-45A9-A874-7DA8C9A36144}.Debug|Any CPU.Build.0 = Debug|Any CPU
		{1626EF4A-EF56-45A9-A874-7DA8C9A36144}.Release|Any CPU.ActiveCfg = Release|Any CPU
		{1626EF4A-EF56-45A9-A874-7DA8C9A36144}.Release|Any CPU.Build.0 = Release|Any CPU
		{7B4E4406-1D25-4906-BB17-0AF9F20E666D}.Debug|Any CPU.ActiveCfg = Debug|Any CPU
		{7B4E4406-1D25-4906-BB17-0AF9F20E666D}.Debug|Any CPU.Build.0 = Debug|Any CPU
		{7B4E4406-1D25-4906-BB17-0AF9F20E666D}.Release|Any CPU.ActiveCfg = Release|Any CPU
		{7B4E4406-1D25-4906-BB17-0AF9F20E666D}.Release|Any CPU.Build.0 = Release|Any CPU
		{0C8A7791-61DC-431C-AF58-BA6D75BCDA7E}.Debug|Any CPU.ActiveCfg = Debug|Any CPU
		{0C8A7791-61DC-431C-AF58-BA6D75BCDA7E}.Debug|Any CPU.Build.0 = Debug|Any CPU
		{0C8A7791-61DC-431C-AF58-BA6D75BCDA7E}.Release|Any CPU.ActiveCfg = Release|Any CPU
		{0C8A7791-61DC-431C-AF58-BA6D75BCDA7E}.Release|Any CPU.Build.0 = Release|Any CPU
		{AA44DFF4-9623-4AC7-AB5C-EF4C43CC8BFB}.Debug|Any CPU.ActiveCfg = Debug|Any CPU
		{AA44DFF4-9623-4AC7-AB5C-EF4C43CC8BFB}.Debug|Any CPU.Build.0 = Debug|Any CPU
		{AA44DFF4-9623-4AC7-AB5C-EF4C43CC8BFB}.Release|Any CPU.ActiveCfg = Release|Any CPU
		{AA44DFF4-9623-4AC7-AB5C-EF4C43CC8BFB}.Release|Any CPU.Build.0 = Release|Any CPU
		{4AC6347B-32BE-4413-8368-9D95160E2433}.Debug|Any CPU.ActiveCfg = Debug|Any CPU
		{4AC6347B-32BE-4413-8368-9D95160E2433}.Debug|Any CPU.Build.0 = Debug|Any CPU
		{4AC6347B-32BE-4413-8368-9D95160E2433}.Release|Any CPU.ActiveCfg = Release|Any CPU
		{4AC6347B-32BE-4413-8368-9D95160E2433}.Release|Any CPU.Build.0 = Release|Any CPU
		{2ED04080-9E26-4070-ABE3-72A8844F3A0C}.Debug|Any CPU.ActiveCfg = Debug|Any CPU
		{2ED04080-9E26-4070-ABE3-72A8844F3A0C}.Debug|Any CPU.Build.0 = Debug|Any CPU
		{2ED04080-9E26-4070-ABE3-72A8844F3A0C}.Release|Any CPU.ActiveCfg = Release|Any CPU
		{2ED04080-9E26-4070-ABE3-72A8844F3A0C}.Release|Any CPU.Build.0 = Release|Any CPU
		{20D44AFD-A905-4C9F-9106-E5531EB23A4E}.Debug|Any CPU.ActiveCfg = Debug|Any CPU
		{20D44AFD-A905-4C9F-9106-E5531EB23A4E}.Debug|Any CPU.Build.0 = Debug|Any CPU
		{20D44AFD-A905-4C9F-9106-E5531EB23A4E}.Release|Any CPU.ActiveCfg = Release|Any CPU
		{20D44AFD-A905-4C9F-9106-E5531EB23A4E}.Release|Any CPU.Build.0 = Release|Any CPU
		{11C38413-A080-4640-B93D-A1D1CE8B902C}.Debug|Any CPU.ActiveCfg = Debug|Any CPU
		{11C38413-A080-4640-B93D-A1D1CE8B902C}.Debug|Any CPU.Build.0 = Debug|Any CPU
		{11C38413-A080-4640-B93D-A1D1CE8B902C}.Release|Any CPU.ActiveCfg = Release|Any CPU
		{11C38413-A080-4640-B93D-A1D1CE8B902C}.Release|Any CPU.Build.0 = Release|Any CPU
		{C5B7FC32-7870-482A-81F4-C2D2BD96082B}.Debug|Any CPU.ActiveCfg = Debug|Any CPU
		{C5B7FC32-7870-482A-81F4-C2D2BD96082B}.Debug|Any CPU.Build.0 = Debug|Any CPU
		{C5B7FC32-7870-482A-81F4-C2D2BD96082B}.Release|Any CPU.ActiveCfg = Release|Any CPU
		{C5B7FC32-7870-482A-81F4-C2D2BD96082B}.Release|Any CPU.Build.0 = Release|Any CPU
	EndGlobalSection
	GlobalSection(NestedProjects) = preSolution
		{0C8A7791-61DC-431C-AF58-BA6D75BCDA7E} = {27DDF95F-C658-4C9A-8ED3-B51B3C8685DC}
		{7B4E4406-1D25-4906-BB17-0AF9F20E666D} = {27DDF95F-C658-4C9A-8ED3-B51B3C8685DC}
		{AA44DFF4-9623-4AC7-AB5C-EF4C43CC8BFB} = {7CC608CD-D267-4B4B-BF3C-7A588F88BDE8}
		{1626EF4A-EF56-45A9-A874-7DA8C9A36144} = {3DEF85A6-8F8C-48BF-8D99-9445F067EBE8}
		{4AC6347B-32BE-4413-8368-9D95160E2433} = {3DEF85A6-8F8C-48BF-8D99-9445F067EBE8}
		{2ED04080-9E26-4070-ABE3-72A8844F3A0C} = {27DDF95F-C658-4C9A-8ED3-B51B3C8685DC}
		{20D44AFD-A905-4C9F-9106-E5531EB23A4E} = {3DEF85A6-8F8C-48BF-8D99-9445F067EBE8}
		{11C38413-A080-4640-B93D-A1D1CE8B902C} = {3DEF85A6-8F8C-48BF-8D99-9445F067EBE8}
		{C5B7FC32-7870-482A-81F4-C2D2BD96082B} = {7CC608CD-D267-4B4B-BF3C-7A588F88BDE8}
	EndGlobalSection
EndGlobal
